
Microsoft Visual Studio Solution File, Format Version 12.00
# Visual Studio Version 17
VisualStudioVersion = 17.8.34316.72
MinimumVisualStudioVersion = 10.0.40219.1
Project("{FAE04EC0-301F-11D3-BF4B-00C04F79EFBC}") = "CalculadoraForm", "CalculadoraForm\CalculadoraForm.csproj", "{D0A87F82-BA93-48E8-98B4-EB4DD66E971B}"
EndProject
Global
	GlobalSection(SolutionConfigurationPlatforms) = preSolution
		Debug|Any CPU = Debug|Any CPU
		Release|Any CPU = Release|Any CPU
	EndGlobalSection
	GlobalSection(ProjectConfigurationPlatforms) = postSolution
		{D0A87F82-BA93-48E8-98B4-EB4DD66E971B}.Debug|Any CPU.ActiveCfg = Debug|Any CPU
		{D0A87F82-BA93-48E8-98B4-EB4DD66E971B}.Debug|Any CPU.Build.0 = Debug|Any CPU
		{D0A87F82-BA93-48E8-98B4-EB4DD66E971B}.Release|Any CPU.ActiveCfg = Release|Any CPU
		{D0A87F82-BA93-48E8-98B4-EB4DD66E971B}.Release|Any CPU.Build.0 = Release|Any CPU
	EndGlobalSection
	GlobalSection(SolutionProperties) = preSolution
		HideSolutionNode = FALSE
	EndGlobalSection
	GlobalSection(ExtensibilityGlobals) = postSolution
		SolutionGuid = {0F1B8CA8-8A8C-458B-9DB4-88554CE27F6B}
	EndGlobalSection
EndGlobal
